
Microsoft Visual Studio Solution File, Format Version 12.00
# Visual Studio 15
VisualStudioVersion = 15.0.27703.2047
MinimumVisualStudioVersion = 10.0.40219.1
Project("{8BC9CEB8-8B4A-11D0-8D11-00A0C91BC942}") = "task01", "task01\task01.vcxproj", "{AC48A52D-4997-4D4A-8A08-D7C50F75035E}"
EndProject
Project("{8BC9CEB8-8B4A-11D0-8D11-00A0C91BC942}") = "task02", "task02\task02.vcxproj", "{526DD265-3AE5-4EE1-8666-99B561BD77E1}"
EndProject
Global
	GlobalSection(SolutionConfigurationPlatforms) = preSolution
		Debug|x64 = Debug|x64
		Debug|x86 = Debug|x86
		Release|x64 = Release|x64
		Release|x86 = Release|x86
	EndGlobalSection
	GlobalSection(ProjectConfigurationPlatforms) = postSolution
		{AC48A52D-4997-4D4A-8A08-D7C50F75035E}.Debug|x64.ActiveCfg = Debug|x64
		{AC48A52D-4997-4D4A-8A08-D7C50F75035E}.Debug|x64.Build.0 = Debug|x64
		{AC48A52D-4997-4D4A-8A08-D7C50F75035E}.Debug|x86.ActiveCfg = Debug|Win32
		{AC48A52D-4997-4D4A-8A08-D7C50F75035E}.Debug|x86.Build.0 = Debug|Win32
		{AC48A52D-4997-4D4A-8A08-D7C50F75035E}.Release|x64.ActiveCfg = Release|x64
		{AC48A52D-4997-4D4A-8A08-D7C50F75035E}.Release|x64.Build.0 = Release|x64
		{AC48A52D-4997-4D4A-8A08-D7C50F75035E}.Release|x86.ActiveCfg = Release|Win32
		{AC48A52D-4997-4D4A-8A08-D7C50F75035E}.Release|x86.Build.0 = Release|Win32
		{526DD265-3AE5-4EE1-8666-99B561BD77E1}.Debug|x64.ActiveCfg = Debug|x64
		{526DD265-3AE5-4EE1-8666-99B561BD77E1}.Debug|x64.Build.0 = Debug|x64
		{526DD265-3AE5-4EE1-8666-99B561BD77E1}.Debug|x86.ActiveCfg = Debug|Win32
		{526DD265-3AE5-4EE1-8666-99B561BD77E1}.Debug|x86.Build.0 = Debug|Win32
		{526DD265-3AE5-4EE1-8666-99B561BD77E1}.Release|x64.ActiveCfg = Release|x64
		{526DD265-3AE5-4EE1-8666-99B561BD77E1}.Release|x64.Build.0 = Release|x64
		{526DD265-3AE5-4EE1-8666-99B561BD77E1}.Release|x86.ActiveCfg = Release|Win32
		{526DD265-3AE5-4EE1-8666-99B561BD77E1}.Release|x86.Build.0 = Release|Win32
	EndGlobalSection
	GlobalSection(SolutionProperties) = preSolution
		HideSolutionNode = FALSE
	EndGlobalSection
	GlobalSection(ExtensibilityGlobals) = postSolution
		SolutionGuid = {35540E5E-4C3F-4AEE-88CD-33D36D8D53FC}
	EndGlobalSection
EndGlobal
